// !$*UTF8*$!
{
	archiveVersion = 1;
	classes = {
	};
	objectVersion = 46;
	objects = {

/* Begin PBXBuildFile section */
		F4AD2CBB1BE38F660095FA52 /* main.m in Sources */ = {isa = PBXBuildFile; fileRef = F4AD2CBA1BE38F660095FA52 /* main.m */; };
		F4AD2CBE1BE38F660095FA52 /* AppDelegate.m in Sources */ = {isa = PBXBuildFile; fileRef = F4AD2CBD1BE38F660095FA52 /* AppDelegate.m */; };
		F4AD2CC41BE38F660095FA52 /* Main.storyboard in Resources */ = {isa = PBXBuildFile; fileRef = F4AD2CC21BE38F660095FA52 /* Main.storyboard */; };
		F4AD2CC61BE38F660095FA52 /* Images.xcassets in Resources */ = {isa = PBXBuildFile; fileRef = F4AD2CC51BE38F660095FA52 /* Images.xcassets */; };
		F4AD2CC91BE38F660095FA52 /* LaunchScreen.xib in Resources */ = {isa = PBXBuildFile; fileRef = F4AD2CC71BE38F660095FA52 /* LaunchScreen.xib */; };
		F4AD2CD51BE38F660095FA52 /* GameLessonTests.m in Sources */ = {isa = PBXBuildFile; fileRef = F4AD2CD41BE38F660095FA52 /* GameLessonTests.m */; };
		F4AD2CDF1BE390510095FA52 /* SpriteKit.framework in Frameworks */ = {isa = PBXBuildFile; fileRef = F4AD2CDE1BE390510095FA52 /* SpriteKit.framework */; };
		F4AD2CE41BE390B70095FA52 /* MainViewController.m in Sources */ = {isa = PBXBuildFile; fileRef = F4AD2CE31BE390B70095FA52 /* MainViewController.m */; };
		F4AD2CE71BE3915E0095FA52 /* SettingViewController.m in Sources */ = {isa = PBXBuildFile; fileRef = F4AD2CE61BE3915E0095FA52 /* SettingViewController.m */; };
		F4AD2CEB1BE399DF0095FA52 /* CommonUtility.m in Sources */ = {isa = PBXBuildFile; fileRef = F4AD2CEA1BE399DF0095FA52 /* CommonUtility.m */; };
		F4AD2CEF1BE39E6A0095FA52 /* TitleScene.m in Sources */ = {isa = PBXBuildFile; fileRef = F4AD2CEE1BE39E6A0095FA52 /* TitleScene.m */; };
/* End PBXBuildFile section */

/* Begin PBXContainerItemProxy section */
		F4AD2CCF1BE38F660095FA52 /* PBXContainerItemProxy */ = {
			isa = PBXContainerItemProxy;
			containerPortal = F4AD2CAD1BE38F660095FA52 /* Project object */;
			proxyType = 1;
			remoteGlobalIDString = F4AD2CB41BE38F660095FA52;
			remoteInfo = GameLesson;
		};
/* End PBXContainerItemProxy section */

/* Begin PBXFileReference section */
		F4AD2CB51BE38F660095FA52 /* GameLesson.app */ = {isa = PBXFileReference; explicitFileType = wrapper.application; includeInIndex = 0; path = GameLesson.app; sourceTree = BUILT_PRODUCTS_DIR; };
		F4AD2CB91BE38F660095FA52 /* Info.plist */ = {isa = PBXFileReference; lastKnownFileType = text.plist.xml; path = Info.plist; sourceTree = "<group>"; };
		F4AD2CBA1BE38F660095FA52 /* main.m */ = {isa = PBXFileReference; lastKnownFileType = sourcecode.c.objc; path = main.m; sourceTree = "<group>"; };
		F4AD2CBC1BE38F660095FA52 /* AppDelegate.h */ = {isa = PBXFileReference; lastKnownFileType = sourcecode.c.h; path = AppDelegate.h; sourceTree = "<group>"; };
		F4AD2CBD1BE38F660095FA52 /* AppDelegate.m */ = {isa = PBXFileReference; lastKnownFileType = sourcecode.c.objc; path = AppDelegate.m; sourceTree = "<group>"; };
		F4AD2CC31BE38F660095FA52 /* Base */ = {isa = PBXFileReference; lastKnownFileType = file.storyboard; name = Base; path = Base.lproj/Main.storyboard; sourceTree = "<group>"; };
		F4AD2CC51BE38F660095FA52 /* Images.xcassets */ = {isa = PBXFileReference; lastKnownFileType = folder.assetcatalog; path = Images.xcassets; sourceTree = "<group>"; };
		F4AD2CC81BE38F660095FA52 /* Base */ = {isa = PBXFileReference; lastKnownFileType = file.xib; name = Base; path = Base.lproj/LaunchScreen.xib; sourceTree = "<group>"; };
		F4AD2CCE1BE38F660095FA52 /* GameLessonTests.xctest */ = {isa = PBXFileReference; explicitFileType = wrapper.cfbundle; includeInIndex = 0; path = GameLessonTests.xctest; sourceTree = BUILT_PRODUCTS_DIR; };
		F4AD2CD31BE38F660095FA52 /* Info.plist */ = {isa = PBXFileReference; lastKnownFileType = text.plist.xml; path = Info.plist; sourceTree = "<group>"; };
		F4AD2CD41BE38F660095FA52 /* GameLessonTests.m */ = {isa = PBXFileReference; lastKnownFileType = sourcecode.c.objc; path = GameLessonTests.m; sourceTree = "<group>"; };
		F4AD2CDE1BE390510095FA52 /* SpriteKit.framework */ = {isa = PBXFileReference; lastKnownFileType = wrapper.framework; name = SpriteKit.framework; path = System/Library/Frameworks/SpriteKit.framework; sourceTree = SDKROOT; };
		F4AD2CE21BE390B70095FA52 /* MainViewController.h */ = {isa = PBXFileReference; fileEncoding = 4; lastKnownFileType = sourcecode.c.h; name = MainViewController.h; path = ViewController/MainViewController.h; sourceTree = "<group>"; };
		F4AD2CE31BE390B70095FA52 /* MainViewController.m */ = {isa = PBXFileReference; fileEncoding = 4; lastKnownFileType = sourcecode.c.objc; name = MainViewController.m; path = ViewController/MainViewController.m; sourceTree = "<group>"; };
		F4AD2CE51BE3915E0095FA52 /* SettingViewController.h */ = {isa = PBXFileReference; fileEncoding = 4; lastKnownFileType = sourcecode.c.h; name = SettingViewController.h; path = ViewController/SettingViewController.h; sourceTree = "<group>"; };
		F4AD2CE61BE3915E0095FA52 /* SettingViewController.m */ = {isa = PBXFileReference; fileEncoding = 4; lastKnownFileType = sourcecode.c.objc; name = SettingViewController.m; path = ViewController/SettingViewController.m; sourceTree = "<group>"; };
		F4AD2CE91BE399DF0095FA52 /* CommonUtility.h */ = {isa = PBXFileReference; fileEncoding = 4; lastKnownFileType = sourcecode.c.h; name = CommonUtility.h; path = Utility/CommonUtility.h; sourceTree = "<group>"; };
		F4AD2CEA1BE399DF0095FA52 /* CommonUtility.m */ = {isa = PBXFileReference; fileEncoding = 4; lastKnownFileType = sourcecode.c.objc; name = CommonUtility.m; path = Utility/CommonUtility.m; sourceTree = "<group>"; };
		F4AD2CED1BE39E6A0095FA52 /* TitleScene.h */ = {isa = PBXFileReference; fileEncoding = 4; lastKnownFileType = sourcecode.c.h; name = TitleScene.h; path = Scene/TitleScene.h; sourceTree = "<group>"; };
		F4AD2CEE1BE39E6A0095FA52 /* TitleScene.m */ = {isa = PBXFileReference; fileEncoding = 4; lastKnownFileType = sourcecode.c.objc; name = TitleScene.m; path = Scene/TitleScene.m; sourceTree = "<group>"; };
		F4AD2CF01BE39EFE0095FA52 /* Const.h */ = {isa = PBXFileReference; fileEncoding = 4; lastKnownFileType = sourcecode.c.h; name = Const.h; path = Utility/Const.h; sourceTree = "<group>"; };
/* End PBXFileReference section */

/* Begin PBXFrameworksBuildPhase section */
		F4AD2CB21BE38F660095FA52 /* Frameworks */ = {
			isa = PBXFrameworksBuildPhase;
			buildActionMask = 2147483647;
			files = (
				F4AD2CDF1BE390510095FA52 /* SpriteKit.framework in Frameworks */,
			);
			runOnlyForDeploymentPostprocessing = 0;
		};
		F4AD2CCB1BE38F660095FA52 /* Frameworks */ = {
			isa = PBXFrameworksBuildPhase;
			buildActionMask = 2147483647;
			files = (
			);
			runOnlyForDeploymentPostprocessing = 0;
		};
/* End PBXFrameworksBuildPhase section */

/* Begin PBXGroup section */
		F4AD2CAC1BE38F660095FA52 = {
			isa = PBXGroup;
			children = (
				F4AD2CDE1BE390510095FA52 /* SpriteKit.framework */,
				F4AD2CB71BE38F660095FA52 /* GameLesson */,
				F4AD2CD11BE38F660095FA52 /* GameLessonTests */,
				F4AD2CB61BE38F660095FA52 /* Products */,
			);
			sourceTree = "<group>";
		};
		F4AD2CB61BE38F660095FA52 /* Products */ = {
			isa = PBXGroup;
			children = (
				F4AD2CB51BE38F660095FA52 /* GameLesson.app */,
				F4AD2CCE1BE38F660095FA52 /* GameLessonTests.xctest */,
			);
			name = Products;
			sourceTree = "<group>";
		};
		F4AD2CB71BE38F660095FA52 /* GameLesson */ = {
			isa = PBXGroup;
			children = (
				F4AD2CEC1BE39E2F0095FA52 /* Scene */,
				F4AD2CE81BE399B30095FA52 /* Utility */,
				F4AD2CE11BE390770095FA52 /* Model */,
				F4AD2CE01BE390630095FA52 /* ViewController */,
				F4AD2CBC1BE38F660095FA52 /* AppDelegate.h */,
				F4AD2CBD1BE38F660095FA52 /* AppDelegate.m */,
				F4AD2CC21BE38F660095FA52 /* Main.storyboard */,
				F4AD2CC51BE38F660095FA52 /* Images.xcassets */,
				F4AD2CC71BE38F660095FA52 /* LaunchScreen.xib */,
				F4AD2CB81BE38F660095FA52 /* Supporting Files */,
			);
			path = GameLesson;
			sourceTree = "<group>";
		};
		F4AD2CB81BE38F660095FA52 /* Supporting Files */ = {
			isa = PBXGroup;
			children = (
				F4AD2CB91BE38F660095FA52 /* Info.plist */,
				F4AD2CBA1BE38F660095FA52 /* main.m */,
			);
			name = "Supporting Files";
			sourceTree = "<group>";
		};
		F4AD2CD11BE38F660095FA52 /* GameLessonTests */ = {
			isa = PBXGroup;
			children = (
				F4AD2CD41BE38F660095FA52 /* GameLessonTests.m */,
				F4AD2CD21BE38F660095FA52 /* Supporting Files */,
			);
			path = GameLessonTests;
			sourceTree = "<group>";
		};
		F4AD2CD21BE38F660095FA52 /* Supporting Files */ = {
			isa = PBXGroup;
			children = (
				F4AD2CD31BE38F660095FA52 /* Info.plist */,
			);
			name = "Supporting Files";
			sourceTree = "<group>";
		};
		F4AD2CE01BE390630095FA52 /* ViewController */ = {
			isa = PBXGroup;
			children = (
				F4AD2CE21BE390B70095FA52 /* MainViewController.h */,
				F4AD2CE31BE390B70095FA52 /* MainViewController.m */,
				F4AD2CE51BE3915E0095FA52 /* SettingViewController.h */,
				F4AD2CE61BE3915E0095FA52 /* SettingViewController.m */,
			);
			name = ViewController;
			sourceTree = "<group>";
		};
		F4AD2CE11BE390770095FA52 /* Model */ = {
			isa = PBXGroup;
			children = (
			);
			name = Model;
			sourceTree = "<group>";
		};
		F4AD2CE81BE399B30095FA52 /* Utility */ = {
			isa = PBXGroup;
			children = (
				F4AD2CE91BE399DF0095FA52 /* CommonUtility.h */,
				F4AD2CEA1BE399DF0095FA52 /* CommonUtility.m */,
				F4AD2CF01BE39EFE0095FA52 /* Const.h */,
			);
			name = Utility;
			sourceTree = "<group>";
		};
		F4AD2CEC1BE39E2F0095FA52 /* Scene */ = {
			isa = PBXGroup;
			children = (
				F4AD2CED1BE39E6A0095FA52 /* TitleScene.h */,
				F4AD2CEE1BE39E6A0095FA52 /* TitleScene.m */,
			);
			name = Scene;
			sourceTree = "<group>";
		};
/* End PBXGroup section */

/* Begin PBXNativeTarget section */
		F4AD2CB41BE38F660095FA52 /* GameLesson */ = {
			isa = PBXNativeTarget;
			buildConfigurationList = F4AD2CD81BE38F660095FA52 /* Build configuration list for PBXNativeTarget "GameLesson" */;
			buildPhases = (
				F4AD2CB11BE38F660095FA52 /* Sources */,
				F4AD2CB21BE38F660095FA52 /* Frameworks */,
				F4AD2CB31BE38F660095FA52 /* Resources */,
			);
			buildRules = (
			);
			dependencies = (
			);
			name = GameLesson;
			productName = GameLesson;
			productReference = F4AD2CB51BE38F660095FA52 /* GameLesson.app */;
			productType = "com.apple.product-type.application";
		};
		F4AD2CCD1BE38F660095FA52 /* GameLessonTests */ = {
			isa = PBXNativeTarget;
			buildConfigurationList = F4AD2CDB1BE38F660095FA52 /* Build configuration list for PBXNativeTarget "GameLessonTests" */;
			buildPhases = (
				F4AD2CCA1BE38F660095FA52 /* Sources */,
				F4AD2CCB1BE38F660095FA52 /* Frameworks */,
				F4AD2CCC1BE38F660095FA52 /* Resources */,
			);
			buildRules = (
			);
			dependencies = (
				F4AD2CD01BE38F660095FA52 /* PBXTargetDependency */,
			);
			name = GameLessonTests;
			productName = GameLessonTests;
			productReference = F4AD2CCE1BE38F660095FA52 /* GameLessonTests.xctest */;
			productType = "com.apple.product-type.bundle.unit-test";
		};
/* End PBXNativeTarget section */

/* Begin PBXProject section */
		F4AD2CAD1BE38F660095FA52 /* Project object */ = {
			isa = PBXProject;
			attributes = {
				LastUpgradeCheck = 0640;
				ORGANIZATIONNAME = hirokiumatani;
				TargetAttributes = {
					F4AD2CB41BE38F660095FA52 = {
						CreatedOnToolsVersion = 6.4;
					};
					F4AD2CCD1BE38F660095FA52 = {
						CreatedOnToolsVersion = 6.4;
						TestTargetID = F4AD2CB41BE38F660095FA52;
					};
				};
			};
			buildConfigurationList = F4AD2CB01BE38F660095FA52 /* Build configuration list for PBXProject "GameLesson" */;
			compatibilityVersion = "Xcode 3.2";
			developmentRegion = English;
			hasScannedForEncodings = 0;
			knownRegions = (
				en,
				Base,
			);
			mainGroup = F4AD2CAC1BE38F660095FA52;
			productRefGroup = F4AD2CB61BE38F660095FA52 /* Products */;
			projectDirPath = "";
			projectRoot = "";
			targets = (
				F4AD2CB41BE38F660095FA52 /* GameLesson */,
				F4AD2CCD1BE38F660095FA52 /* GameLessonTests */,
			);
		};
/* End PBXProject section */

/* Begin PBXResourcesBuildPhase section */
		F4AD2CB31BE38F660095FA52 /* Resources */ = {
			isa = PBXResourcesBuildPhase;
			buildActionMask = 2147483647;
			files = (
				F4AD2CC41BE38F660095FA52 /* Main.storyboard in Resources */,
				F4AD2CC91BE38F660095FA52 /* LaunchScreen.xib in Resources */,
				F4AD2CC61BE38F660095FA52 /* Images.xcassets in Resources */,
			);
			runOnlyForDeploymentPostprocessing = 0;
		};
		F4AD2CCC1BE38F660095FA52 /* Resources */ = {
			isa = PBXResourcesBuildPhase;
			buildActionMask = 2147483647;
			files = (
			);
			runOnlyForDeploymentPostprocessing = 0;
		};
/* End PBXResourcesBuildPhase section */

/* Begin PBXSourcesBuildPhase section */
		F4AD2CB11BE38F660095FA52 /* Sources */ = {
			isa = PBXSourcesBuildPhase;
			buildActionMask = 2147483647;
			files = (
				F4AD2CBE1BE38F660095FA52 /* AppDelegate.m in Sources */,
				F4AD2CEB1BE399DF0095FA52 /* CommonUtility.m in Sources */,
				F4AD2CBB1BE38F660095FA52 /* main.m in Sources */,
				F4AD2CEF1BE39E6A0095FA52 /* TitleScene.m in Sources */,
				F4AD2CE41BE390B70095FA52 /* MainViewController.m in Sources */,
				F4AD2CE71BE3915E0095FA52 /* SettingViewController.m in Sources */,
			);
			runOnlyForDeploymentPostprocessing = 0;
		};
		F4AD2CCA1BE38F660095FA52 /* Sources */ = {
			isa = PBXSourcesBuildPhase;
			buildActionMask = 2147483647;
			files = (
				F4AD2CD51BE38F660095FA52 /* GameLessonTests.m in Sources */,
			);
			runOnlyForDeploymentPostprocessing = 0;
		};
/* End PBXSourcesBuildPhase section */

/* Begin PBXTargetDependency section */
		F4AD2CD01BE38F660095FA52 /* PBXTargetDependency */ = {
			isa = PBXTargetDependency;
			target = F4AD2CB41BE38F660095FA52 /* GameLesson */;
			targetProxy = F4AD2CCF1BE38F660095FA52 /* PBXContainerItemProxy */;
		};
/* End PBXTargetDependency section */

/* Begin PBXVariantGroup section */
		F4AD2CC21BE38F660095FA52 /* Main.storyboard */ = {
			isa = PBXVariantGroup;
			children = (
				F4AD2CC31BE38F660095FA52 /* Base */,
			);
			name = Main.storyboard;
			sourceTree = "<group>";
		};
		F4AD2CC71BE38F660095FA52 /* LaunchScreen.xib */ = {
			isa = PBXVariantGroup;
			children = (
				F4AD2CC81BE38F660095FA52 /* Base */,
			);
			name = LaunchScreen.xib;
			sourceTree = "<group>";
		};
/* End PBXVariantGroup section */

/* Begin XCBuildConfiguration section */
		F4AD2CD61BE38F660095FA52 /* Debug */ = {
			isa = XCBuildConfiguration;
			buildSettings = {
				ALWAYS_SEARCH_USER_PATHS = NO;
				CLANG_CXX_LANGUAGE_STANDARD = "gnu++0x";
				CLANG_CXX_LIBRARY = "libc++";
				CLANG_ENABLE_MODULES = YES;
				CLANG_ENABLE_OBJC_ARC = YES;
				CLANG_WARN_BOOL_CONVERSION = YES;
				CLANG_WARN_CONSTANT_CONVERSION = YES;
				CLANG_WARN_DIRECT_OBJC_ISA_USAGE = YES_ERROR;
				CLANG_WARN_EMPTY_BODY = YES;
				CLANG_WARN_ENUM_CONVERSION = YES;
				CLANG_WARN_INT_CONVERSION = YES;
				CLANG_WARN_OBJC_ROOT_CLASS = YES_ERROR;
				CLANG_WARN_UNREACHABLE_CODE = YES;
				CLANG_WARN__DUPLICATE_METHOD_MATCH = YES;
				"CODE_SIGN_IDENTITY[sdk=iphoneos*]" = "iPhone Developer";
				COPY_PHASE_STRIP = NO;
				DEBUG_INFORMATION_FORMAT = "dwarf-with-dsym";
				ENABLE_STRICT_OBJC_MSGSEND = YES;
				GCC_C_LANGUAGE_STANDARD = gnu99;
				GCC_DYNAMIC_NO_PIC = NO;
				GCC_NO_COMMON_BLOCKS = YES;
				GCC_OPTIMIZATION_LEVEL = 0;
				GCC_PREPROCESSOR_DEFINITIONS = (
					"DEBUG=1",
					"$(inherited)",
				);
				GCC_SYMBOLS_PRIVATE_EXTERN = NO;
				GCC_WARN_64_TO_32_BIT_CONVERSION = YES;
				GCC_WARN_ABOUT_RETURN_TYPE = YES_ERROR;
				GCC_WARN_UNDECLARED_SELECTOR = YES;
				GCC_WARN_UNINITIALIZED_AUTOS = YES_AGGRESSIVE;
				GCC_WARN_UNUSED_FUNCTION = YES;
				GCC_WARN_UNUSED_VARIABLE = YES;
				IPHONEOS_DEPLOYMENT_TARGET = 8.4;
				MTL_ENABLE_DEBUG_INFO = YES;
				ONLY_ACTIVE_ARCH = YES;
				SDKROOT = iphoneos;
			};
			name = Debug;
		};
		F4AD2CD71BE38F660095FA52 /* Release */ = {
			isa = XCBuildConfiguration;
			buildSettings = {
				ALWAYS_SEARCH_USER_PATHS = NO;
				CLANG_CXX_LANGUAGE_STANDARD = "gnu++0x";
				CLANG_CXX_LIBRARY = "libc++";
				CLANG_ENABLE_MODULES = YES;
				CLANG_ENABLE_OBJC_ARC = YES;
				CLANG_WARN_BOOL_CONVERSION = YES;
				CLANG_WARN_CONSTANT_CONVERSION = YES;
				CLANG_WARN_DIRECT_OBJC_ISA_USAGE = YES_ERROR;
				CLANG_WARN_EMPTY_BODY = YES;
				CLANG_WARN_ENUM_CONVERSION = YES;
				CLANG_WARN_INT_CONVERSION = YES;
				CLANG_WARN_OBJC_ROOT_CLASS = YES_ERROR;
				CLANG_WARN_UNREACHABLE_CODE = YES;
				CLANG_WARN__DUPLICATE_METHOD_MATCH = YES;
				"CODE_SIGN_IDENTITY[sdk=iphoneos*]" = "iPhone Developer";
				COPY_PHASE_STRIP = NO;
				DEBUG_INFORMATION_FORMAT = "dwarf-with-dsym";
				ENABLE_NS_ASSERTIONS = NO;
				ENABLE_STRICT_OBJC_MSGSEND = YES;
				GCC_C_LANGUAGE_STANDARD = gnu99;
				GCC_NO_COMMON_BLOCKS = YES;
				GCC_WARN_64_TO_32_BIT_CONVERSION = YES;
				GCC_WARN_ABOUT_RETURN_TYPE = YES_ERROR;
				GCC_WARN_UNDECLARED_SELECTOR = YES;
				GCC_WARN_UNINITIALIZED_AUTOS = YES_AGGRESSIVE;
				GCC_WARN_UNUSED_FUNCTION = YES;
				GCC_WARN_UNUSED_VARIABLE = YES;
				IPHONEOS_DEPLOYMENT_TARGET = 8.4;
				MTL_ENABLE_DEBUG_INFO = NO;
				SDKROOT = iphoneos;
				VALIDATE_PRODUCT = YES;
			};
			name = Release;
		};
		F4AD2CD91BE38F660095FA52 /* Debug */ = {
			isa = XCBuildConfiguration;
			buildSettings = {
				ASSETCATALOG_COMPILER_APPICON_NAME = AppIcon;
				INFOPLIST_FILE = GameLesson/Info.plist;
				LD_RUNPATH_SEARCH_PATHS = "$(inherited) @executable_path/Frameworks";
				PRODUCT_NAME = "$(TARGET_NAME)";
			};
			name = Debug;
		};
		F4AD2CDA1BE38F660095FA52 /* Release */ = {
			isa = XCBuildConfiguration;
			buildSettings = {
				ASSETCATALOG_COMPILER_APPICON_NAME = AppIcon;
				INFOPLIST_FILE = GameLesson/Info.plist;
				LD_RUNPATH_SEARCH_PATHS = "$(inherited) @executable_path/Frameworks";
				PRODUCT_NAME = "$(TARGET_NAME)";
			};
			name = Release;
		};
		F4AD2CDC1BE38F660095FA52 /* Debug */ = {
			isa = XCBuildConfiguration;
			buildSettings = {
				BUNDLE_LOADER = "$(TEST_HOST)";
				FRAMEWORK_SEARCH_PATHS = (
					"$(SDKROOT)/Developer/Library/Frameworks",
					"$(inherited)",
				);
				GCC_PREPROCESSOR_DEFINITIONS = (
					"DEBUG=1",
					"$(inherited)",
				);
				INFOPLIST_FILE = GameLessonTests/Info.plist;
				LD_RUNPATH_SEARCH_PATHS = "$(inherited) @executable_path/Frameworks @loader_path/Frameworks";
				PRODUCT_NAME = "$(TARGET_NAME)";
				TEST_HOST = "$(BUILT_PRODUCTS_DIR)/GameLesson.app/GameLesson";
			};
			name = Debug;
		};
		F4AD2CDD1BE38F660095FA52 /* Release */ = {
			isa = XCBuildConfiguration;
			buildSettings = {
				BUNDLE_LOADER = "$(TEST_HOST)";
				FRAMEWORK_SEARCH_PATHS = (
					"$(SDKROOT)/Developer/Library/Frameworks",
					"$(inherited)",
				);
				INFOPLIST_FILE = GameLessonTests/Info.plist;
				LD_RUNPATH_SEARCH_PATHS = "$(inherited) @executable_path/Frameworks @loader_path/Frameworks";
				PRODUCT_NAME = "$(TARGET_NAME)";
				TEST_HOST = "$(BUILT_PRODUCTS_DIR)/GameLesson.app/GameLesson";
			};
			name = Release;
		};
/* End XCBuildConfiguration section */

/* Begin XCConfigurationList section */
		F4AD2CB01BE38F660095FA52 /* Build configuration list for PBXProject "GameLesson" */ = {
			isa = XCConfigurationList;
			buildConfigurations = (
				F4AD2CD61BE38F660095FA52 /* Debug */,
				F4AD2CD71BE38F660095FA52 /* Release */,
			);
			defaultConfigurationIsVisible = 0;
			defaultConfigurationName = Release;
		};
		F4AD2CD81BE38F660095FA52 /* Build configuration list for PBXNativeTarget "GameLesson" */ = {
			isa = XCConfigurationList;
			buildConfigurations = (
				F4AD2CD91BE38F660095FA52 /* Debug */,
				F4AD2CDA1BE38F660095FA52 /* Release */,
			);
			defaultConfigurationIsVisible = 0;
		};
		F4AD2CDB1BE38F660095FA52 /* Build configuration list for PBXNativeTarget "GameLessonTests" */ = {
			isa = XCConfigurationList;
			buildConfigurations = (
				F4AD2CDC1BE38F660095FA52 /* Debug */,
				F4AD2CDD1BE38F660095FA52 /* Release */,
			);
			defaultConfigurationIsVisible = 0;
		};
/* End XCConfigurationList section */
	};
	rootObject = F4AD2CAD1BE38F660095FA52 /* Project object */;
}
